
Microsoft Visual Studio Solution File, Format Version 12.00
# Visual Studio Version 17
VisualStudioVersion = 17.11.35312.102
MinimumVisualStudioVersion = 10.0.40219.1
Project("{FAE04EC0-301F-11D3-BF4B-00C04F79EFBC}") = "TaskNTaskList", "TaskNTaskList\TaskNTaskList.csproj", "{B77F92E6-723C-4404-BF46-7CE3604B7537}"
EndProject
Global
	GlobalSection(SolutionConfigurationPlatforms) = preSolution
		Debug|Any CPU = Debug|Any CPU
		Release|Any CPU = Release|Any CPU
	EndGlobalSection
	GlobalSection(ProjectConfigurationPlatforms) = postSolution
		{B77F92E6-723C-4404-BF46-7CE3604B7537}.Debug|Any CPU.ActiveCfg = Debug|Any CPU
		{B77F92E6-723C-4404-BF46-7CE3604B7537}.Debug|Any CPU.Build.0 = Debug|Any CPU
		{B77F92E6-723C-4404-BF46-7CE3604B7537}.Release|Any CPU.ActiveCfg = Release|Any CPU
		{B77F92E6-723C-4404-BF46-7CE3604B7537}.Release|Any CPU.Build.0 = Release|Any CPU
	EndGlobalSection
	GlobalSection(SolutionProperties) = preSolution
		HideSolutionNode = FALSE
	EndGlobalSection
	GlobalSection(ExtensibilityGlobals) = postSolution
		SolutionGuid = {101C70B5-AB5E-4591-8F96-8710111E8FFD}
	EndGlobalSection
EndGlobal
